{
  "nodes": {
    "nixpkgs": {
      "locked": {
        "lastModified": 1599158497,
        "narHash": "sha256-lHTfnlSK+hm2yvGuKvGe6+Wc+TJf/h6SNLd0u+K+DdE=",
        "owner": "NixOS",
        "repo": "nixpkgs",
        "rev": "fa3fb57d322a7f1bc93f763b10961144b37b9633",
        "type": "github"
      },
      "original": {
        "id": "nixpkgs",
        "ref": "nixos-20.03",
        "type": "indirect"
      }
    },
    "root": {
      "inputs": {
        "nixpkgs": "nixpkgs",
        "utils": "utils"
      }
    },
    "utils": {
      "locked": {
        "lastModified": 1598466101,
        "narHash": "sha256-JPhv+Ay98KMWRVRFlLEK9+eLpvNjhTBGWdFKZsE97ck=",
        "owner": "numtide",
        "repo": "flake-utils",
        "rev": "a586a6b966d59f53f45a04f8891fbc017dc09dbe",
        "type": "github"
      },
      "original": {
        "owner": "numtide",
        "repo": "flake-utils",
        "type": "github"
      }
    }
  },
  "root": "root",
  "version": 7
}
